
Microsoft Visual Studio Solution File, Format Version 12.00
# Visual Studio Version 17
VisualStudioVersion = 17.3.32922.545
MinimumVisualStudioVersion = 10.0.40219.1
Project("{FAE04EC0-301F-11D3-BF4B-00C04F79EFBC}") = "Bibliotektemp", "Bibliotektemp\Bibliotektemp.csproj", "{FCA9D7C8-51AD-46B2-A735-7BAC58F357EE}"
EndProject
Global
	GlobalSection(SolutionConfigurationPlatforms) = preSolution
		Debug|Any CPU = Debug|Any CPU
		Release|Any CPU = Release|Any CPU
	EndGlobalSection
	GlobalSection(ProjectConfigurationPlatforms) = postSolution
		{FCA9D7C8-51AD-46B2-A735-7BAC58F357EE}.Debug|Any CPU.ActiveCfg = Debug|Any CPU
		{FCA9D7C8-51AD-46B2-A735-7BAC58F357EE}.Debug|Any CPU.Build.0 = Debug|Any CPU
		{FCA9D7C8-51AD-46B2-A735-7BAC58F357EE}.Release|Any CPU.ActiveCfg = Release|Any CPU
		{FCA9D7C8-51AD-46B2-A735-7BAC58F357EE}.Release|Any CPU.Build.0 = Release|Any CPU
	EndGlobalSection
	GlobalSection(SolutionProperties) = preSolution
		HideSolutionNode = FALSE
	EndGlobalSection
	GlobalSection(ExtensibilityGlobals) = postSolution
		SolutionGuid = {59C5166E-5389-4640-AC5A-6C5A7941BF3B}
	EndGlobalSection
EndGlobal
